
Microsoft Visual Studio Solution File, Format Version 12.00
# Visual Studio Version 17
VisualStudioVersion = 17.10.35027.167
MinimumVisualStudioVersion = 10.0.40219.1
Project("{8BC9CEB8-8B4A-11D0-8D11-00A0C91BC942}") = "栈和队列实验(1)", "栈和队列实验(1).vcxproj", "{00308054-B714-4C0C-9787-680CA4B1D914}"
EndProject
Global
	GlobalSection(SolutionConfigurationPlatforms) = preSolution
		Debug|x64 = Debug|x64
		Debug|x86 = Debug|x86
		Release|x64 = Release|x64
		Release|x86 = Release|x86
	EndGlobalSection
	GlobalSection(ProjectConfigurationPlatforms) = postSolution
		{00308054-B714-4C0C-9787-680CA4B1D914}.Debug|x64.ActiveCfg = Debug|x64
		{00308054-B714-4C0C-9787-680CA4B1D914}.Debug|x64.Build.0 = Debug|x64
		{00308054-B714-4C0C-9787-680CA4B1D914}.Debug|x86.ActiveCfg = Debug|Win32
		{00308054-B714-4C0C-9787-680CA4B1D914}.Debug|x86.Build.0 = Debug|Win32
		{00308054-B714-4C0C-9787-680CA4B1D914}.Release|x64.ActiveCfg = Release|x64
		{00308054-B714-4C0C-9787-680CA4B1D914}.Release|x64.Build.0 = Release|x64
		{00308054-B714-4C0C-9787-680CA4B1D914}.Release|x86.ActiveCfg = Release|Win32
		{00308054-B714-4C0C-9787-680CA4B1D914}.Release|x86.Build.0 = Release|Win32
	EndGlobalSection
	GlobalSection(SolutionProperties) = preSolution
		HideSolutionNode = FALSE
	EndGlobalSection
	GlobalSection(ExtensibilityGlobals) = postSolution
		SolutionGuid = {1492641D-9CCE-4D9D-AD35-F597D3ACED19}
	EndGlobalSection
EndGlobal
